
Microsoft Visual Studio Solution File, Format Version 12.00
# Visual Studio Version 17
VisualStudioVersion = 17.5.33516.290
MinimumVisualStudioVersion = 10.0.40219.1
Project("{9A19103F-16F7-4668-BE54-9A1E7A4F7556}") = "Desktop_Application", "Desktop_Application\Desktop_Application.csproj", "{DB697841-AC37-4094-94A2-733C3F0B55A4}"
EndProject
Project("{FAE04EC0-301F-11D3-BF4B-00C04F79EFBC}") = "Desktop_Application.Tests", "Desktop_Application.Tests\Desktop_Application.Tests.csproj", "{4953D5A7-99F7-4228-B561-1068548D7BE5}"
EndProject
Global
	GlobalSection(SolutionConfigurationPlatforms) = preSolution
		Debug|Any CPU = Debug|Any CPU
		Release|Any CPU = Release|Any CPU
	EndGlobalSection
	GlobalSection(ProjectConfigurationPlatforms) = postSolution
		{DB697841-AC37-4094-94A2-733C3F0B55A4}.Debug|Any CPU.ActiveCfg = Debug|Any CPU
		{DB697841-AC37-4094-94A2-733C3F0B55A4}.Debug|Any CPU.Build.0 = Debug|Any CPU
		{DB697841-AC37-4094-94A2-733C3F0B55A4}.Release|Any CPU.ActiveCfg = Release|Any CPU
		{DB697841-AC37-4094-94A2-733C3F0B55A4}.Release|Any CPU.Build.0 = Release|Any CPU
		{4953D5A7-99F7-4228-B561-1068548D7BE5}.Debug|Any CPU.ActiveCfg = Debug|Any CPU
		{4953D5A7-99F7-4228-B561-1068548D7BE5}.Debug|Any CPU.Build.0 = Debug|Any CPU
		{4953D5A7-99F7-4228-B561-1068548D7BE5}.Release|Any CPU.ActiveCfg = Release|Any CPU
		{4953D5A7-99F7-4228-B561-1068548D7BE5}.Release|Any CPU.Build.0 = Release|Any CPU
	EndGlobalSection
	GlobalSection(SolutionProperties) = preSolution
		HideSolutionNode = FALSE
	EndGlobalSection
	GlobalSection(ExtensibilityGlobals) = postSolution
		SolutionGuid = {DE7BC6FF-2B3F-4E83-8742-39EF1C8C95B4}
	EndGlobalSection
EndGlobal
